// !$*UTF8*$!
{
	archiveVersion = 1;
	classes = {
	};
	objectVersion = 56;
	objects = {

/* Begin PBXBuildFile section */
		A10000000000000000000001 /* InnerPeekApp.swift in Sources */ = {isa = PBXBuildFile; fileRef = A11000000000000000000001 /* InnerPeekApp.swift */; };
		A10000000000000000000002 /* PreviewItem.swift in Sources */ = {isa = PBXBuildFile; fileRef = A11000000000000000000002 /* PreviewItem.swift */; };
		A10000000000000000000003 /* PreviewContentProvider.swift in Sources */ = {isa = PBXBuildFile; fileRef = A11000000000000000000003 /* PreviewContentProvider.swift */; };
		A10000000000000000000004 /* FolderContentProvider.swift in Sources */ = {isa = PBXBuildFile; fileRef = A11000000000000000000004 /* FolderContentProvider.swift */; };
		A10000000000000000000005 /* PreviewViewController.swift in Sources */ = {isa = PBXBuildFile; fileRef = A11000000000000000000005 /* PreviewViewController.swift */; };
		A10000000000000000000006 /* PreviewDataSource.swift in Sources */ = {isa = PBXBuildFile; fileRef = A11000000000000000000006 /* PreviewDataSource.swift */; };
		A10000000000000000000007 /* FileIconProvider.swift in Sources */ = {isa = PBXBuildFile; fileRef = A11000000000000000000007 /* FileIconProvider.swift */; };
		A10000000000000000000008 /* Shared PreviewItem.swift in Sources */ = {isa = PBXBuildFile; fileRef = A11000000000000000000002 /* PreviewItem.swift */; };
		A10000000000000000000009 /* Shared PreviewContentProvider.swift in Sources */ = {isa = PBXBuildFile; fileRef = A11000000000000000000003 /* PreviewContentProvider.swift */; };
		A1000000000000000000000A /* Shared FolderContentProvider.swift in Sources */ = {isa = PBXBuildFile; fileRef = A11000000000000000000004 /* FolderContentProvider.swift */; };
		A1000000000000000000000E /* Shared ZIPContentProvider.swift in Sources */ = {isa = PBXBuildFile; fileRef = A11000000000000000000010 /* ZIPContentProvider.swift */; };
		A1000000000000000000000C /* PreviewVisuals.swift in Sources */ = {isa = PBXBuildFile; fileRef = A1100000000000000000000C /* PreviewVisuals.swift */; };
		A1000000000000000000000D /* Localizable.strings in Resources */ = {isa = PBXBuildFile; fileRef = A1100000000000000000000F /* Localizable.strings */; };
		A10000000000000000000012 /* FileCategory.swift in Sources */ = {isa = PBXBuildFile; fileRef = A11000000000000000000012 /* FileCategory.swift */; };
		A10000000000000000000013 /* FileTypeDefinition.swift in Sources */ = {isa = PBXBuildFile; fileRef = A11000000000000000000013 /* FileTypeDefinition.swift */; };
		A10000000000000000000014 /* FileIntelligence.swift in Sources */ = {isa = PBXBuildFile; fileRef = A11000000000000000000014 /* FileIntelligence.swift */; };
		A10000000000000000000015 /* FileTypeRegistry.swift in Sources */ = {isa = PBXBuildFile; fileRef = A11000000000000000000015 /* FileTypeRegistry.swift */; };
		A10000000000000000000016 /* FileIntelligenceRecognizer.swift in Sources */ = {isa = PBXBuildFile; fileRef = A11000000000000000000016 /* FileIntelligenceRecognizer.swift */; };
		A10000000000000000000017 /* file-types.json in Resources */ = {isa = PBXBuildFile; fileRef = A11000000000000000000017 /* file-types.json */; };
		A1000000000000000000000B /* InnerPeekQL.appex in Embed Foundation Extensions */ = {isa = PBXBuildFile; fileRef = A12000000000000000000002 /* InnerPeekQL.appex */; settings = {ATTRIBUTES = (RemoveHeadersOnCopy, ); }; };
		A10000000000000000000011 /* Assets.xcassets in Resources */ = {isa = PBXBuildFile; fileRef = A11000000000000000000011 /* Assets.xcassets */; };
/* End PBXBuildFile section */

/* Begin PBXCopyFilesBuildPhase section */
		A13000000000000000000001 /* Embed Foundation Extensions */ = {isa = PBXCopyFilesBuildPhase; buildActionMask = 2147483647; dstPath = ""; dstSubfolderSpec = 13; files = ( A1000000000000000000000B /* InnerPeekQL.appex in Embed Foundation Extensions */, ); name = "Embed Foundation Extensions"; runOnlyForDeploymentPostprocessing = 0; };
/* End PBXCopyFilesBuildPhase section */

/* Begin PBXFileReference section */
		A11000000000000000000001 /* InnerPeekApp.swift */ = {isa = PBXFileReference; lastKnownFileType = sourcecode.swift; path = InnerPeekApp.swift; sourceTree = "<group>"; };
		A11000000000000000000002 /* PreviewItem.swift */ = {isa = PBXFileReference; lastKnownFileType = sourcecode.swift; path = PreviewItem.swift; sourceTree = "<group>"; };
		A11000000000000000000003 /* PreviewContentProvider.swift */ = {isa = PBXFileReference; lastKnownFileType = sourcecode.swift; path = PreviewContentProvider.swift; sourceTree = "<group>"; };
		A11000000000000000000004 /* FolderContentProvider.swift */ = {isa = PBXFileReference; lastKnownFileType = sourcecode.swift; path = FolderContentProvider.swift; sourceTree = "<group>"; };
		A11000000000000000000005 /* PreviewViewController.swift */ = {isa = PBXFileReference; lastKnownFileType = sourcecode.swift; path = PreviewViewController.swift; sourceTree = "<group>"; };
		A11000000000000000000006 /* PreviewDataSource.swift */ = {isa = PBXFileReference; lastKnownFileType = sourcecode.swift; path = PreviewDataSource.swift; sourceTree = "<group>"; };
		A11000000000000000000007 /* FileIconProvider.swift */ = {isa = PBXFileReference; lastKnownFileType = sourcecode.swift; path = FileIconProvider.swift; sourceTree = "<group>"; };
		A11000000000000000000008 /* InnerPeek-Info.plist */ = {isa = PBXFileReference; lastKnownFileType = text.plist.xml; path = "InnerPeek-Info.plist"; sourceTree = "<group>"; };
		A11000000000000000000009 /* InnerPeek.entitlements */ = {isa = PBXFileReference; lastKnownFileType = text.plist.entitlements; path = InnerPeek.entitlements; sourceTree = "<group>"; };
		A1100000000000000000000A /* InnerPeekQL-Info.plist */ = {isa = PBXFileReference; lastKnownFileType = text.plist.xml; path = "InnerPeekQL-Info.plist"; sourceTree = "<group>"; };
		A1100000000000000000000B /* InnerPeekQL.entitlements */ = {isa = PBXFileReference; lastKnownFileType = text.plist.entitlements; path = InnerPeekQL.entitlements; sourceTree = "<group>"; };
		A1100000000000000000000C /* PreviewVisuals.swift */ = {isa = PBXFileReference; lastKnownFileType = sourcecode.swift; path = PreviewVisuals.swift; sourceTree = "<group>"; };
		A1100000000000000000000D /* en */ = {isa = PBXFileReference; lastKnownFileType = text.plist.strings; name = en; path = en.lproj/Localizable.strings; sourceTree = "<group>"; };
		A1100000000000000000000E /* zh-Hans */ = {isa = PBXFileReference; lastKnownFileType = text.plist.strings; name = zh-Hans; path = zh-Hans.lproj/Localizable.strings; sourceTree = "<group>"; };
		A11000000000000000000010 /* ZIPContentProvider.swift */ = {isa = PBXFileReference; lastKnownFileType = sourcecode.swift; path = ZIPContentProvider.swift; sourceTree = "<group>"; };
		A12000000000000000000001 /* InnerPeek.app */ = {isa = PBXFileReference; explicitFileType = wrapper.application; includeInIndex = 0; path = InnerPeek.app; sourceTree = BUILT_PRODUCTS_DIR; };
		A12000000000000000000002 /* InnerPeekQL.appex */ = {isa = PBXFileReference; explicitFileType = wrapper.app-extension; includeInIndex = 0; path = InnerPeekQL.appex; sourceTree = BUILT_PRODUCTS_DIR; };
		A11000000000000000000011 /* Assets.xcassets */ = {isa = PBXFileReference; lastKnownFileType = folder.assetcatalog; path = Assets.xcassets; sourceTree = "<group>"; };
		A11000000000000000000012 /* FileCategory.swift */ = {isa = PBXFileReference; lastKnownFileType = sourcecode.swift; path = FileCategory.swift; sourceTree = "<group>"; };
		A11000000000000000000013 /* FileTypeDefinition.swift */ = {isa = PBXFileReference; lastKnownFileType = sourcecode.swift; path = FileTypeDefinition.swift; sourceTree = "<group>"; };
		A11000000000000000000014 /* FileIntelligence.swift */ = {isa = PBXFileReference; lastKnownFileType = sourcecode.swift; path = FileIntelligence.swift; sourceTree = "<group>"; };
		A11000000000000000000015 /* FileTypeRegistry.swift */ = {isa = PBXFileReference; lastKnownFileType = sourcecode.swift; path = FileTypeRegistry.swift; sourceTree = "<group>"; };
		A11000000000000000000016 /* FileIntelligenceRecognizer.swift */ = {isa = PBXFileReference; lastKnownFileType = sourcecode.swift; path = FileIntelligenceRecognizer.swift; sourceTree = "<group>"; };
		A11000000000000000000017 /* file-types.json */ = {isa = PBXFileReference; lastKnownFileType = text.json; path = "file-types.json"; sourceTree = "<group>"; };
/* End PBXFileReference section */

/* Begin PBXFrameworksBuildPhase section */
		A13000000000000000000002 /* Frameworks */ = {isa = PBXFrameworksBuildPhase; buildActionMask = 2147483647; files = ( ); runOnlyForDeploymentPostprocessing = 0; };
		A13000000000000000000003 /* Frameworks */ = {isa = PBXFrameworksBuildPhase; buildActionMask = 2147483647; files = ( ); runOnlyForDeploymentPostprocessing = 0; };
/* End PBXFrameworksBuildPhase section */

/* Begin PBXGroup section */
		A14000000000000000000001 = {isa = PBXGroup; children = ( A14000000000000000000002, A14000000000000000000003, A14000000000000000000004, A14000000000000000000006, ); sourceTree = "<group>"; };
		A14000000000000000000002 = {isa = PBXGroup; children = ( A11000000000000000000001, A11000000000000000000008, A11000000000000000000009, A11000000000000000000011, ); name = InnerPeek; path = InnerPeek; sourceTree = "<group>"; };
		A14000000000000000000003 = {isa = PBXGroup; children = ( A11000000000000000000005, A11000000000000000000006, A11000000000000000000007, A1100000000000000000000A, A1100000000000000000000B, A1100000000000000000000C, A1100000000000000000000F /* Localizable.strings */, A14000000000000000000008 /* FileTypes */, ); name = InnerPeekQL; path = InnerPeekQL; sourceTree = "<group>"; };
		A14000000000000000000004 = {isa = PBXGroup; children = ( A11000000000000000000002, A11000000000000000000003, A11000000000000000000004, A11000000000000000000010, A14000000000000000000007 /* FileIntelligence */, ); name = Shared; path = Shared; sourceTree = "<group>"; };
		A14000000000000000000005 = {isa = PBXGroup; children = ( ); name = Products; sourceTree = "<group>"; };
		A14000000000000000000006 = {isa = PBXGroup; children = ( A12000000000000000000001, A12000000000000000000002, ); name = Products; path = ""; sourceTree = BUILT_PRODUCTS_DIR; };
		A14000000000000000000007 /* FileIntelligence */ = {isa = PBXGroup; children = ( A11000000000000000000012 /* FileCategory.swift */, A11000000000000000000013 /* FileTypeDefinition.swift */, A11000000000000000000014 /* FileIntelligence.swift */, A11000000000000000000015 /* FileTypeRegistry.swift */, A11000000000000000000016 /* FileIntelligenceRecognizer.swift */, ); name = FileIntelligence; path = FileIntelligence; sourceTree = "<group>"; };
		A14000000000000000000008 /* FileTypes */ = {isa = PBXGroup; children = ( A11000000000000000000017 /* file-types.json */, ); name = FileTypes; path = "Resources/FileTypes"; sourceTree = "<group>"; };
/* End PBXGroup section */

/* Begin PBXVariantGroup section */
		A1100000000000000000000F /* Localizable.strings */ = {isa = PBXVariantGroup; children = ( A1100000000000000000000D /* en */, A1100000000000000000000E /* zh-Hans */, ); name = Localizable.strings; sourceTree = "<group>"; };
/* End PBXVariantGroup section */

/* Begin PBXNativeTarget section */
		A15000000000000000000001 /* InnerPeek */ = {isa = PBXNativeTarget; buildConfigurationList = A16000000000000000000001; buildPhases = ( A13000000000000000000004, A13000000000000000000002, A13000000000000000000005, A13000000000000000000001, ); buildRules = ( ); dependencies = ( A17000000000000000000001, ); name = InnerPeek; productName = InnerPeek; productReference = A12000000000000000000001; productType = "com.apple.product-type.application"; };
		A15000000000000000000002 /* InnerPeekQL */ = {isa = PBXNativeTarget; buildConfigurationList = A16000000000000000000002; buildPhases = ( A13000000000000000000006, A13000000000000000000003, A13000000000000000000007, ); buildRules = ( ); dependencies = ( ); name = InnerPeekQL; productName = InnerPeekQL; productReference = A12000000000000000000002; productType = "com.apple.product-type.app-extension"; };
/* End PBXNativeTarget section */

/* Begin PBXProject section */
		A18000000000000000000001 /* Project object */ = {isa = PBXProject; attributes = { LastUpgradeCheck = 2600; ORGANIZATIONNAME = InnerPeek; TargetAttributes = { A15000000000000000000001 = { CreatedOnToolsVersion = 26.0; }; A15000000000000000000002 = { CreatedOnToolsVersion = 26.0; }; }; }; buildConfigurationList = A16000000000000000000003; compatibilityVersion = "Xcode 14.0"; developmentRegion = en; hasScannedForEncodings = 0; knownRegions = ( en, Base, "zh-Hans", ); mainGroup = A14000000000000000000001; productRefGroup = A14000000000000000000006; projectDirPath = ""; projectRoot = ""; targets = ( A15000000000000000000001, A15000000000000000000002, ); };
/* End PBXProject section */

/* Begin PBXResourcesBuildPhase section */
		A13000000000000000000004 /* Resources */ = {isa = PBXResourcesBuildPhase; buildActionMask = 2147483647; files = ( A10000000000000000000011 /* Assets.xcassets in Resources */, ); runOnlyForDeploymentPostprocessing = 0; };
		A13000000000000000000005 /* Sources */ = {isa = PBXSourcesBuildPhase; buildActionMask = 2147483647; files = ( A10000000000000000000001 /* InnerPeekApp.swift in Sources */, ); runOnlyForDeploymentPostprocessing = 0; };
		A13000000000000000000006 /* Sources */ = {isa = PBXSourcesBuildPhase; buildActionMask = 2147483647; files = ( A10000000000000000000005 /* PreviewViewController.swift in Sources */, A10000000000000000000006 /* PreviewDataSource.swift in Sources */, A10000000000000000000007 /* FileIconProvider.swift in Sources */, A1000000000000000000000C /* PreviewVisuals.swift in Sources */, A10000000000000000000008 /* Shared PreviewItem.swift in Sources */, A10000000000000000000009 /* Shared PreviewContentProvider.swift in Sources */, A1000000000000000000000A /* Shared FolderContentProvider.swift in Sources */, A1000000000000000000000E /* Shared ZIPContentProvider.swift in Sources */, A10000000000000000000012 /* FileCategory.swift in Sources */, A10000000000000000000013 /* FileTypeDefinition.swift in Sources */, A10000000000000000000014 /* FileIntelligence.swift in Sources */, A10000000000000000000015 /* FileTypeRegistry.swift in Sources */, A10000000000000000000016 /* FileIntelligenceRecognizer.swift in Sources */, ); runOnlyForDeploymentPostprocessing = 0; };
		A13000000000000000000007 /* Resources */ = {isa = PBXResourcesBuildPhase; buildActionMask = 2147483647; files = ( A1000000000000000000000D /* Localizable.strings in Resources */, A10000000000000000000017 /* file-types.json in Resources */, ); runOnlyForDeploymentPostprocessing = 0; };
/* End PBXResourcesBuildPhase section */

/* Begin PBXTargetDependency section */
		A17000000000000000000001 = {isa = PBXTargetDependency; target = A15000000000000000000002; targetProxy = A19000000000000000000001; };
/* End PBXTargetDependency section */

/* Begin PBXContainerItemProxy section */
		A19000000000000000000001 = {isa = PBXContainerItemProxy; containerPortal = A18000000000000000000001; proxyType = 1; remoteGlobalIDString = A15000000000000000000002; remoteInfo = InnerPeekQL; };
/* End PBXContainerItemProxy section */

/* Begin XCBuildConfiguration section */
		A1A000000000000000000001 /* Debug */ = {isa = XCBuildConfiguration; buildSettings = { ALWAYS_SEARCH_USER_PATHS = NO; CLANG_ANALYZER_LOCALIZABILITY_NONLOCALIZED = YES; CLANG_ENABLE_MODULES = YES; CLANG_ENABLE_OBJC_WEAK = YES; CLANG_WARN_BOOL_CONVERSION = YES; CLANG_WARN_CONSTANT_CONVERSION = YES; CLANG_WARN_DIRECT_OBJC_ISA_USAGE = YES; CLANG_WARN_EMPTY_BODY = YES; CLANG_WARN_ENUM_CONVERSION = YES; CLANG_WARN_INT_CONVERSION = YES; CLANG_WARN_OBJC_IMPLICIT_RETAIN_SELF = YES; CLANG_WARN_UNREACHABLE_CODE = YES; CLANG_WARN__DUPLICATE_METHOD_MATCH = YES; CODE_SIGN_ENTITLEMENTS = InnerPeek/InnerPeek.entitlements; CODE_SIGN_STYLE = Automatic; CURRENT_PROJECT_VERSION = 1; DEAD_CODE_STRIPPING = YES; DEVELOPMENT_TEAM = ""; ENABLE_TESTABILITY = YES; ENABLE_USER_SCRIPT_SANDBOXING = YES; INFOPLIST_FILE = InnerPeek/InnerPeek-Info.plist; MACOSX_DEPLOYMENT_TARGET = 14.0; ONLY_ACTIVE_ARCH = YES; PRODUCT_BUNDLE_IDENTIFIER = com.innerpeek.InnerPeek; PRODUCT_NAME = InnerPeek; SWIFT_VERSION = 5.0; }; name = Debug; };
		A1A000000000000000000002 /* Release */ = {isa = XCBuildConfiguration; buildSettings = { ALWAYS_SEARCH_USER_PATHS = NO; CLANG_ANALYZER_LOCALIZABILITY_NONLOCALIZED = YES; CLANG_ENABLE_MODULES = YES; CLANG_ENABLE_OBJC_WEAK = YES; CLANG_WARN_BOOL_CONVERSION = YES; CLANG_WARN_CONSTANT_CONVERSION = YES; CLANG_WARN_DIRECT_OBJC_ISA_USAGE = YES; CLANG_WARN_EMPTY_BODY = YES; CLANG_WARN_ENUM_CONVERSION = YES; CLANG_WARN_INT_CONVERSION = YES; CLANG_WARN_OBJC_IMPLICIT_RETAIN_SELF = YES; CLANG_WARN_UNREACHABLE_CODE = YES; CLANG_WARN__DUPLICATE_METHOD_MATCH = YES; CODE_SIGN_ENTITLEMENTS = InnerPeek/InnerPeek.entitlements; CODE_SIGN_STYLE = Automatic; CURRENT_PROJECT_VERSION = 1; DEAD_CODE_STRIPPING = YES; DEVELOPMENT_TEAM = ""; ENABLE_USER_SCRIPT_SANDBOXING = YES; INFOPLIST_FILE = InnerPeek/InnerPeek-Info.plist; MACOSX_DEPLOYMENT_TARGET = 14.0; PRODUCT_BUNDLE_IDENTIFIER = com.innerpeek.InnerPeek; PRODUCT_NAME = InnerPeek; SWIFT_COMPILATION_MODE = wholemodule; SWIFT_OPTIMIZATION_LEVEL = "-O"; SWIFT_VERSION = 5.0; }; name = Release; };
		A1A000000000000000000003 /* Debug */ = {isa = XCBuildConfiguration; buildSettings = { ALWAYS_SEARCH_USER_PATHS = NO; APPLICATION_EXTENSION_API_ONLY = YES; CLANG_ANALYZER_LOCALIZABILITY_NONLOCALIZED = YES; CLANG_ENABLE_MODULES = YES; CLANG_ENABLE_OBJC_WEAK = YES; CLANG_WARN_BOOL_CONVERSION = YES; CLANG_WARN_CONSTANT_CONVERSION = YES; CLANG_WARN_DIRECT_OBJC_ISA_USAGE = YES; CLANG_WARN_EMPTY_BODY = YES; CLANG_WARN_ENUM_CONVERSION = YES; CLANG_WARN_INT_CONVERSION = YES; CLANG_WARN_OBJC_IMPLICIT_RETAIN_SELF = YES; CLANG_WARN_UNREACHABLE_CODE = YES; CLANG_WARN__DUPLICATE_METHOD_MATCH = YES; CODE_SIGN_ENTITLEMENTS = InnerPeekQL/InnerPeekQL.entitlements; CODE_SIGN_STYLE = Automatic; CURRENT_PROJECT_VERSION = 1; DEAD_CODE_STRIPPING = YES; DEVELOPMENT_TEAM = ""; ENABLE_TESTABILITY = YES; ENABLE_USER_SCRIPT_SANDBOXING = YES; INFOPLIST_FILE = InnerPeekQL/InnerPeekQL-Info.plist; MACOSX_DEPLOYMENT_TARGET = 14.0; ONLY_ACTIVE_ARCH = YES; PRODUCT_BUNDLE_IDENTIFIER = com.innerpeek.InnerPeek.QuickLook; PRODUCT_NAME = InnerPeekQL; SWIFT_VERSION = 5.0; }; name = Debug; };
		A1A000000000000000000004 /* Release */ = {isa = XCBuildConfiguration; buildSettings = { ALWAYS_SEARCH_USER_PATHS = NO; APPLICATION_EXTENSION_API_ONLY = YES; CLANG_ANALYZER_LOCALIZABILITY_NONLOCALIZED = YES; CLANG_ENABLE_MODULES = YES; CLANG_ENABLE_OBJC_WEAK = YES; CLANG_WARN_BOOL_CONVERSION = YES; CLANG_WARN_CONSTANT_CONVERSION = YES; CLANG_WARN_DIRECT_OBJC_ISA_USAGE = YES; CLANG_WARN_EMPTY_BODY = YES; CLANG_WARN_ENUM_CONVERSION = YES; CLANG_WARN_INT_CONVERSION = YES; CLANG_WARN_OBJC_IMPLICIT_RETAIN_SELF = YES; CLANG_WARN_UNREACHABLE_CODE = YES; CLANG_WARN__DUPLICATE_METHOD_MATCH = YES; CODE_SIGN_ENTITLEMENTS = InnerPeekQL/InnerPeekQL.entitlements; CODE_SIGN_STYLE = Automatic; CURRENT_PROJECT_VERSION = 1; DEAD_CODE_STRIPPING = YES; DEVELOPMENT_TEAM = ""; ENABLE_USER_SCRIPT_SANDBOXING = YES; INFOPLIST_FILE = InnerPeekQL/InnerPeekQL-Info.plist; MACOSX_DEPLOYMENT_TARGET = 14.0; PRODUCT_BUNDLE_IDENTIFIER = com.innerpeek.InnerPeek.QuickLook; PRODUCT_NAME = InnerPeekQL; SWIFT_COMPILATION_MODE = wholemodule; SWIFT_OPTIMIZATION_LEVEL = "-O"; SWIFT_VERSION = 5.0; }; name = Release; };
		A1A000000000000000000005 /* Debug */ = {isa = XCBuildConfiguration; buildSettings = { ALWAYS_SEARCH_USER_PATHS = NO; ASSETCATALOG_COMPILER_APPICON_NAME = AppIcon; CLANG_ENABLE_MODULES = YES; CODE_SIGN_STYLE = Automatic; CURRENT_PROJECT_VERSION = 1; DEVELOPMENT_TEAM = ""; MACOSX_DEPLOYMENT_TARGET = 14.0; SWIFT_VERSION = 5.0; }; name = Debug; };
		A1A000000000000000000006 /* Release */ = {isa = XCBuildConfiguration; buildSettings = { ALWAYS_SEARCH_USER_PATHS = NO; ASSETCATALOG_COMPILER_APPICON_NAME = AppIcon; CLANG_ENABLE_MODULES = YES; CODE_SIGN_STYLE = Automatic; CURRENT_PROJECT_VERSION = 1; DEVELOPMENT_TEAM = ""; MACOSX_DEPLOYMENT_TARGET = 14.0; SWIFT_VERSION = 5.0; }; name = Release; };
/* End XCBuildConfiguration section */

/* Begin XCConfigurationList section */
		A16000000000000000000001 = {isa = XCConfigurationList; buildConfigurations = ( A1A000000000000000000001, A1A000000000000000000002, ); defaultConfigurationIsVisible = 0; defaultConfigurationName = Release; };
		A16000000000000000000002 = {isa = XCConfigurationList; buildConfigurations = ( A1A000000000000000000003, A1A000000000000000000004, ); defaultConfigurationIsVisible = 0; defaultConfigurationName = Release; };
		A16000000000000000000003 = {isa = XCConfigurationList; buildConfigurations = ( A1A000000000000000000005, A1A000000000000000000006, ); defaultConfigurationIsVisible = 1; defaultConfigurationName = Release; };
/* End XCConfigurationList section */
	};
	rootObject = A18000000000000000000001 /* Project object */;
}
